
Microsoft Visual Studio Solution File, Format Version 12.00
# Visual Studio 15
VisualStudioVersion = 15.0.28307.1022
MinimumVisualStudioVersion = 10.0.40219.1
Project("{FAE04EC0-301F-11D3-BF4B-00C04F79EFBC}") = "HelloWorld", "HelloWorld\HelloWorld.csproj", "{9F435C36-6565-4012-9D63-E7118A47B3AA}"
EndProject
Global
	GlobalSection(SolutionConfigurationPlatforms) = preSolution
		Debug|Any CPU = Debug|Any CPU
		Release|Any CPU = Release|Any CPU
	EndGlobalSection
	GlobalSection(ProjectConfigurationPlatforms) = postSolution
		{9F435C36-6565-4012-9D63-E7118A47B3AA}.Debug|Any CPU.ActiveCfg = Debug|Any CPU
		{9F435C36-6565-4012-9D63-E7118A47B3AA}.Debug|Any CPU.Build.0 = Debug|Any CPU
		{9F435C36-6565-4012-9D63-E7118A47B3AA}.Release|Any CPU.ActiveCfg = Release|Any CPU
		{9F435C36-6565-4012-9D63-E7118A47B3AA}.Release|Any CPU.Build.0 = Release|Any CPU
	EndGlobalSection
	GlobalSection(SolutionProperties) = preSolution
		HideSolutionNode = FALSE
	EndGlobalSection
	GlobalSection(ExtensibilityGlobals) = postSolution
		SolutionGuid = {593FD988-1151-40D7-B774-00571B3A1A38}
	EndGlobalSection
EndGlobal
